
Microsoft Visual Studio Solution File, Format Version 12.00
# Visual Studio Version 16
VisualStudioVersion = 16.0.31410.357
MinimumVisualStudioVersion = 10.0.40219.1
Project("{FAE04EC0-301F-11D3-BF4B-00C04F79EFBC}") = "MasterCardTracker", "MasterCardTracker\MasterCardTracker.csproj", "{41148E6B-8BC6-42CE-BC68-9BF122C90EBC}"
EndProject
Global
	GlobalSection(SolutionConfigurationPlatforms) = preSolution
		Debug|Any CPU = Debug|Any CPU
		Release|Any CPU = Release|Any CPU
	EndGlobalSection
	GlobalSection(ProjectConfigurationPlatforms) = postSolution
		{41148E6B-8BC6-42CE-BC68-9BF122C90EBC}.Debug|Any CPU.ActiveCfg = Debug|Any CPU
		{41148E6B-8BC6-42CE-BC68-9BF122C90EBC}.Debug|Any CPU.Build.0 = Debug|Any CPU
		{41148E6B-8BC6-42CE-BC68-9BF122C90EBC}.Release|Any CPU.ActiveCfg = Release|Any CPU
		{41148E6B-8BC6-42CE-BC68-9BF122C90EBC}.Release|Any CPU.Build.0 = Release|Any CPU
	EndGlobalSection
	GlobalSection(SolutionProperties) = preSolution
		HideSolutionNode = FALSE
	EndGlobalSection
	GlobalSection(ExtensibilityGlobals) = postSolution
		SolutionGuid = {C58AC819-83F3-4609-A97C-1992EEDBDEA0}
	EndGlobalSection
EndGlobal
